{
  "version": 4,
  "terraform_version": "1.4.6",
  "serial": 8,
  "lineage": "c612aa0e-6fa4-d9f6-fef7-50cc91cbc7bc",
  "outputs": {},
  "resources": [
    {
      "mode": "managed",
      "type": "aci_tenant",
      "name": "tenant",
      "provider": "provider[\"registry.terraform.io/ciscodevnet/aci\"]",
      "instances": [
        {
          "schema_version": 1,
          "attributes": {
            "annotation": "orchestrator:terraform",
            "description": "This tenant is created by terraform",
            "id": "uni/tn-a_STr",
            "name": "a_STr",
            "name_alias": "",
            "relation_fv_rs_tenant_mon_pol": null,
            "relation_fv_rs_tn_deny_rule": null
          },
          "sensitive_attributes": [],
          "private": "eyJzY2hlbWFfdmVyc2lvbiI6IjEifQ=="
        }
      ]
    }
  ],
  "check_results": null
}
